
Microsoft Visual Studio Solution File, Format Version 12.00
# Visual Studio 15
VisualStudioVersion = 15.0.28307.106
MinimumVisualStudioVersion = 10.0.40219.1
Project("{00D1A9C2-B5F0-4AF3-8072-F6C62B433612}") = "Database", "Database\Database.sqlproj", "{F47FC49F-253D-45FB-BF94-8D29309512AF}"
EndProject
Project("{FAE04EC0-301F-11D3-BF4B-00C04F79EFBC}") = "TestDapperConsole", "TestDapperConsole\TestDapperConsole.csproj", "{46F245C6-7F38-4AE3-9331-DAAE80F618CC}"
EndProject
Project("{FAE04EC0-301F-11D3-BF4B-00C04F79EFBC}") = "DAL", "DAL\DAL.csproj", "{61F26EE3-1DAB-4637-9226-3DF2F5B9A12D}"
EndProject
Project("{FAE04EC0-301F-11D3-BF4B-00C04F79EFBC}") = "Model", "Model\Model.csproj", "{712B6001-548C-439F-8518-7B834BE6B474}"
EndProject
Global
	GlobalSection(SolutionConfigurationPlatforms) = preSolution
		Debug|Any CPU = Debug|Any CPU
		Release|Any CPU = Release|Any CPU
	EndGlobalSection
	GlobalSection(ProjectConfigurationPlatforms) = postSolution
		{F47FC49F-253D-45FB-BF94-8D29309512AF}.Debug|Any CPU.ActiveCfg = Debug|Any CPU
		{F47FC49F-253D-45FB-BF94-8D29309512AF}.Debug|Any CPU.Build.0 = Debug|Any CPU
		{F47FC49F-253D-45FB-BF94-8D29309512AF}.Debug|Any CPU.Deploy.0 = Debug|Any CPU
		{F47FC49F-253D-45FB-BF94-8D29309512AF}.Release|Any CPU.ActiveCfg = Release|Any CPU
		{F47FC49F-253D-45FB-BF94-8D29309512AF}.Release|Any CPU.Build.0 = Release|Any CPU
		{F47FC49F-253D-45FB-BF94-8D29309512AF}.Release|Any CPU.Deploy.0 = Release|Any CPU
		{46F245C6-7F38-4AE3-9331-DAAE80F618CC}.Debug|Any CPU.ActiveCfg = Debug|Any CPU
		{46F245C6-7F38-4AE3-9331-DAAE80F618CC}.Debug|Any CPU.Build.0 = Debug|Any CPU
		{46F245C6-7F38-4AE3-9331-DAAE80F618CC}.Release|Any CPU.ActiveCfg = Release|Any CPU
		{46F245C6-7F38-4AE3-9331-DAAE80F618CC}.Release|Any CPU.Build.0 = Release|Any CPU
		{61F26EE3-1DAB-4637-9226-3DF2F5B9A12D}.Debug|Any CPU.ActiveCfg = Debug|Any CPU
		{61F26EE3-1DAB-4637-9226-3DF2F5B9A12D}.Debug|Any CPU.Build.0 = Debug|Any CPU
		{61F26EE3-1DAB-4637-9226-3DF2F5B9A12D}.Release|Any CPU.ActiveCfg = Release|Any CPU
		{61F26EE3-1DAB-4637-9226-3DF2F5B9A12D}.Release|Any CPU.Build.0 = Release|Any CPU
		{712B6001-548C-439F-8518-7B834BE6B474}.Debug|Any CPU.ActiveCfg = Debug|Any CPU
		{712B6001-548C-439F-8518-7B834BE6B474}.Debug|Any CPU.Build.0 = Debug|Any CPU
		{712B6001-548C-439F-8518-7B834BE6B474}.Release|Any CPU.ActiveCfg = Release|Any CPU
		{712B6001-548C-439F-8518-7B834BE6B474}.Release|Any CPU.Build.0 = Release|Any CPU
	EndGlobalSection
	GlobalSection(SolutionProperties) = preSolution
		HideSolutionNode = FALSE
	EndGlobalSection
	GlobalSection(ExtensibilityGlobals) = postSolution
		SolutionGuid = {A83AE20D-93DD-4A74-9365-D9001A5541F2}
	EndGlobalSection
EndGlobal
